PODS:
  - Masonry (1.1.0)
  - SGPagingView (1.5.3)
  - SYZScrollViewManager (0.1.0):
    - Masonry
    - SGPagingView

DEPENDENCIES:
  - SYZScrollViewManager (from `../`)

EXTERNAL SOURCES:
  SYZScrollViewManager:
    :path: ../

SPEC CHECKSUMS:
  Masonry: 678fab65091a9290e40e2832a55e7ab731aad201
  SGPagingView: 3b54a2cdccc0134c14ff449fd266ce0d704250e1
  SYZScrollViewManager: eca59b4dd1160b418780ad532c01a44f06b1d897

PODFILE CHECKSUM: 46d0d92e967d4976dcf5ddc0c415b2fa3141097b

COCOAPODS: 1.4.0
